// !$*UTF8*$!
{
	archiveVersion = 1;
	classes = {
	};
	objectVersion = 50;
	objects = {

/* Begin PBXBuildFile section */
		A9DF682921E6E49100689600 /* AppDelegate.m in Sources */ = {isa = PBXBuildFile; fileRef = A9DF682821E6E49100689600 /* AppDelegate.m */; };
		A9DF682C21E6E49100689600 /* ViewController.m in Sources */ = {isa = PBXBuildFile; fileRef = A9DF682B21E6E49100689600 /* ViewController.m */; };
		A9DF682F21E6E49100689600 /* Main.storyboard in Resources */ = {isa = PBXBuildFile; fileRef = A9DF682D21E6E49100689600 /* Main.storyboard */; };
		A9DF683121E6E49300689600 /* Assets.xcassets in Resources */ = {isa = PBXBuildFile; fileRef = A9DF683021E6E49300689600 /* Assets.xcassets */; };
		A9DF683421E6E49300689600 /* LaunchScreen.storyboard in Resources */ = {isa = PBXBuildFile; fileRef = A9DF683221E6E49300689600 /* LaunchScreen.storyboard */; };
		A9DF683721E6E49300689600 /* main.m in Sources */ = {isa = PBXBuildFile; fileRef = A9DF683621E6E49300689600 /* main.m */; };
		A9DF684121E6E49300689600 /* RoundRotateDivideTests.m in Sources */ = {isa = PBXBuildFile; fileRef = A9DF684021E6E49300689600 /* RoundRotateDivideTests.m */; };
		A9DF684C21E6E49300689600 /* RoundRotateDivideUITests.m in Sources */ = {isa = PBXBuildFile; fileRef = A9DF684B21E6E49300689600 /* RoundRotateDivideUITests.m */; };
		A9DF685B21E6E4F000689600 /* RoundRotateDivideView.m in Sources */ = {isa = PBXBuildFile; fileRef = A9DF685A21E6E4F000689600 /* RoundRotateDivideView.m */; };
/* End PBXBuildFile section */

/* Begin PBXContainerItemProxy section */
		A9DF683D21E6E49300689600 /* PBXContainerItemProxy */ = {
			isa = PBXContainerItemProxy;
			containerPortal = A9DF681C21E6E49100689600 /* Project object */;
			proxyType = 1;
			remoteGlobalIDString = A9DF682321E6E49100689600;
			remoteInfo = RoundRotateDivide;
		};
		A9DF684821E6E49300689600 /* PBXContainerItemProxy */ = {
			isa = PBXContainerItemProxy;
			containerPortal = A9DF681C21E6E49100689600 /* Project object */;
			proxyType = 1;
			remoteGlobalIDString = A9DF682321E6E49100689600;
			remoteInfo = RoundRotateDivide;
		};
/* End PBXContainerItemProxy section */

/* Begin PBXFileReference section */
		A9DF682421E6E49100689600 /* RoundRotateDivide.app */ = {isa = PBXFileReference; explicitFileType = wrapper.application; includeInIndex = 0; path = RoundRotateDivide.app; sourceTree = BUILT_PRODUCTS_DIR; };
		A9DF682721E6E49100689600 /* AppDelegate.h */ = {isa = PBXFileReference; lastKnownFileType = sourcecode.c.h; path = AppDelegate.h; sourceTree = "<group>"; };
		A9DF682821E6E49100689600 /* AppDelegate.m */ = {isa = PBXFileReference; lastKnownFileType = sourcecode.c.objc; path = AppDelegate.m; sourceTree = "<group>"; };
		A9DF682A21E6E49100689600 /* ViewController.h */ = {isa = PBXFileReference; lastKnownFileType = sourcecode.c.h; path = ViewController.h; sourceTree = "<group>"; };
		A9DF682B21E6E49100689600 /* ViewController.m */ = {isa = PBXFileReference; lastKnownFileType = sourcecode.c.objc; path = ViewController.m; sourceTree = "<group>"; };
		A9DF682E21E6E49100689600 /* Base */ = {isa = PBXFileReference; lastKnownFileType = file.storyboard; name = Base; path = Base.lproj/Main.storyboard; sourceTree = "<group>"; };
		A9DF683021E6E49300689600 /* Assets.xcassets */ = {isa = PBXFileReference; lastKnownFileType = folder.assetcatalog; path = Assets.xcassets; sourceTree = "<group>"; };
		A9DF683321E6E49300689600 /* Base */ = {isa = PBXFileReference; lastKnownFileType = file.storyboard; name = Base; path = Base.lproj/LaunchScreen.storyboard; sourceTree = "<group>"; };
		A9DF683521E6E49300689600 /* Info.plist */ = {isa = PBXFileReference; lastKnownFileType = text.plist.xml; path = Info.plist; sourceTree = "<group>"; };
		A9DF683621E6E49300689600 /* main.m */ = {isa = PBXFileReference; lastKnownFileType = sourcecode.c.objc; path = main.m; sourceTree = "<group>"; };
		A9DF683C21E6E49300689600 /* RoundRotateDivideTests.xctest */ = {isa = PBXFileReference; explicitFileType = wrapper.cfbundle; includeInIndex = 0; path = RoundRotateDivideTests.xctest; sourceTree = BUILT_PRODUCTS_DIR; };
		A9DF684021E6E49300689600 /* RoundRotateDivideTests.m */ = {isa = PBXFileReference; lastKnownFileType = sourcecode.c.objc; path = RoundRotateDivideTests.m; sourceTree = "<group>"; };
		A9DF684221E6E49300689600 /* Info.plist */ = {isa = PBXFileReference; lastKnownFileType = text.plist.xml; path = Info.plist; sourceTree = "<group>"; };
		A9DF684721E6E49300689600 /* RoundRotateDivideUITests.xctest */ = {isa = PBXFileReference; explicitFileType = wrapper.cfbundle; includeInIndex = 0; path = RoundRotateDivideUITests.xctest; sourceTree = BUILT_PRODUCTS_DIR; };
		A9DF684B21E6E49300689600 /* RoundRotateDivideUITests.m */ = {isa = PBXFileReference; lastKnownFileType = sourcecode.c.objc; path = RoundRotateDivideUITests.m; sourceTree = "<group>"; };
		A9DF684D21E6E49300689600 /* Info.plist */ = {isa = PBXFileReference; lastKnownFileType = text.plist.xml; path = Info.plist; sourceTree = "<group>"; };
		A9DF685921E6E4F000689600 /* RoundRotateDivideView.h */ = {isa = PBXFileReference; lastKnownFileType = sourcecode.c.h; path = RoundRotateDivideView.h; sourceTree = "<group>"; };
		A9DF685A21E6E4F000689600 /* RoundRotateDivideView.m */ = {isa = PBXFileReference; lastKnownFileType = sourcecode.c.objc; path = RoundRotateDivideView.m; sourceTree = "<group>"; };
/* End PBXFileReference section */

/* Begin PBXFrameworksBuildPhase section */
		A9DF682121E6E49100689600 /* Frameworks */ = {
			isa = PBXFrameworksBuildPhase;
			buildActionMask = 2147483647;
			files = (
			);
			runOnlyForDeploymentPostprocessing = 0;
		};
		A9DF683921E6E49300689600 /* Frameworks */ = {
			isa = PBXFrameworksBuildPhase;
			buildActionMask = 2147483647;
			files = (
			);
			runOnlyForDeploymentPostprocessing = 0;
		};
		A9DF684421E6E49300689600 /* Frameworks */ = {
			isa = PBXFrameworksBuildPhase;
			buildActionMask = 2147483647;
			files = (
			);
			runOnlyForDeploymentPostprocessing = 0;
		};
/* End PBXFrameworksBuildPhase section */

/* Begin PBXGroup section */
		A9DF681B21E6E49100689600 = {
			isa = PBXGroup;
			children = (
				A9DF682621E6E49100689600 /* RoundRotateDivide */,
				A9DF683F21E6E49300689600 /* RoundRotateDivideTests */,
				A9DF684A21E6E49300689600 /* RoundRotateDivideUITests */,
				A9DF682521E6E49100689600 /* Products */,
			);
			sourceTree = "<group>";
		};
		A9DF682521E6E49100689600 /* Products */ = {
			isa = PBXGroup;
			children = (
				A9DF682421E6E49100689600 /* RoundRotateDivide.app */,
				A9DF683C21E6E49300689600 /* RoundRotateDivideTests.xctest */,
				A9DF684721E6E49300689600 /* RoundRotateDivideUITests.xctest */,
			);
			name = Products;
			sourceTree = "<group>";
		};
		A9DF682621E6E49100689600 /* RoundRotateDivide */ = {
			isa = PBXGroup;
			children = (
				A9DF682721E6E49100689600 /* AppDelegate.h */,
				A9DF682821E6E49100689600 /* AppDelegate.m */,
				A9DF682A21E6E49100689600 /* ViewController.h */,
				A9DF682B21E6E49100689600 /* ViewController.m */,
				A9DF685921E6E4F000689600 /* RoundRotateDivideView.h */,
				A9DF685A21E6E4F000689600 /* RoundRotateDivideView.m */,
				A9DF682D21E6E49100689600 /* Main.storyboard */,
				A9DF683021E6E49300689600 /* Assets.xcassets */,
				A9DF683221E6E49300689600 /* LaunchScreen.storyboard */,
				A9DF683521E6E49300689600 /* Info.plist */,
				A9DF683621E6E49300689600 /* main.m */,
			);
			path = RoundRotateDivide;
			sourceTree = "<group>";
		};
		A9DF683F21E6E49300689600 /* RoundRotateDivideTests */ = {
			isa = PBXGroup;
			children = (
				A9DF684021E6E49300689600 /* RoundRotateDivideTests.m */,
				A9DF684221E6E49300689600 /* Info.plist */,
			);
			path = RoundRotateDivideTests;
			sourceTree = "<group>";
		};
		A9DF684A21E6E49300689600 /* RoundRotateDivideUITests */ = {
			isa = PBXGroup;
			children = (
				A9DF684B21E6E49300689600 /* RoundRotateDivideUITests.m */,
				A9DF684D21E6E49300689600 /* Info.plist */,
			);
			path = RoundRotateDivideUITests;
			sourceTree = "<group>";
		};
/* End PBXGroup section */

/* Begin PBXNativeTarget section */
		A9DF682321E6E49100689600 /* RoundRotateDivide */ = {
			isa = PBXNativeTarget;
			buildConfigurationList = A9DF685021E6E49300689600 /* Build configuration list for PBXNativeTarget "RoundRotateDivide" */;
			buildPhases = (
				A9DF682021E6E49100689600 /* Sources */,
				A9DF682121E6E49100689600 /* Frameworks */,
				A9DF682221E6E49100689600 /* Resources */,
			);
			buildRules = (
			);
			dependencies = (
			);
			name = RoundRotateDivide;
			productName = RoundRotateDivide;
			productReference = A9DF682421E6E49100689600 /* RoundRotateDivide.app */;
			productType = "com.apple.product-type.application";
		};
		A9DF683B21E6E49300689600 /* RoundRotateDivideTests */ = {
			isa = PBXNativeTarget;
			buildConfigurationList = A9DF685321E6E49300689600 /* Build configuration list for PBXNativeTarget "RoundRotateDivideTests" */;
			buildPhases = (
				A9DF683821E6E49300689600 /* Sources */,
				A9DF683921E6E49300689600 /* Frameworks */,
				A9DF683A21E6E49300689600 /* Resources */,
			);
			buildRules = (
			);
			dependencies = (
				A9DF683E21E6E49300689600 /* PBXTargetDependency */,
			);
			name = RoundRotateDivideTests;
			productName = RoundRotateDivideTests;
			productReference = A9DF683C21E6E49300689600 /* RoundRotateDivideTests.xctest */;
			productType = "com.apple.product-type.bundle.unit-test";
		};
		A9DF684621E6E49300689600 /* RoundRotateDivideUITests */ = {
			isa = PBXNativeTarget;
			buildConfigurationList = A9DF685621E6E49300689600 /* Build configuration list for PBXNativeTarget "RoundRotateDivideUITests" */;
			buildPhases = (
				A9DF684321E6E49300689600 /* Sources */,
				A9DF684421E6E49300689600 /* Frameworks */,
				A9DF684521E6E49300689600 /* Resources */,
			);
			buildRules = (
			);
			dependencies = (
				A9DF684921E6E49300689600 /* PBXTargetDependency */,
			);
			name = RoundRotateDivideUITests;
			productName = RoundRotateDivideUITests;
			productReference = A9DF684721E6E49300689600 /* RoundRotateDivideUITests.xctest */;
			productType = "com.apple.product-type.bundle.ui-testing";
		};
/* End PBXNativeTarget section */

/* Begin PBXProject section */
		A9DF681C21E6E49100689600 /* Project object */ = {
			isa = PBXProject;
			attributes = {
				LastUpgradeCheck = 1010;
				ORGANIZATIONNAME = lv;
				TargetAttributes = {
					A9DF682321E6E49100689600 = {
						CreatedOnToolsVersion = 10.1;
					};
					A9DF683B21E6E49300689600 = {
						CreatedOnToolsVersion = 10.1;
						TestTargetID = A9DF682321E6E49100689600;
					};
					A9DF684621E6E49300689600 = {
						CreatedOnToolsVersion = 10.1;
						TestTargetID = A9DF682321E6E49100689600;
					};
				};
			};
			buildConfigurationList = A9DF681F21E6E49100689600 /* Build configuration list for PBXProject "RoundRotateDivide" */;
			compatibilityVersion = "Xcode 9.3";
			developmentRegion = en;
			hasScannedForEncodings = 0;
			knownRegions = (
				en,
				Base,
			);
			mainGroup = A9DF681B21E6E49100689600;
			productRefGroup = A9DF682521E6E49100689600 /* Products */;
			projectDirPath = "";
			projectRoot = "";
			targets = (
				A9DF682321E6E49100689600 /* RoundRotateDivide */,
				A9DF683B21E6E49300689600 /* RoundRotateDivideTests */,
				A9DF684621E6E49300689600 /* RoundRotateDivideUITests */,
			);
		};
/* End PBXProject section */

/* Begin PBXResourcesBuildPhase section */
		A9DF682221E6E49100689600 /* Resources */ = {
			isa = PBXResourcesBuildPhase;
			buildActionMask = 2147483647;
			files = (
				A9DF683421E6E49300689600 /* LaunchScreen.storyboard in Resources */,
				A9DF683121E6E49300689600 /* Assets.xcassets in Resources */,
				A9DF682F21E6E49100689600 /* Main.storyboard in Resources */,
			);
			runOnlyForDeploymentPostprocessing = 0;
		};
		A9DF683A21E6E49300689600 /* Resources */ = {
			isa = PBXResourcesBuildPhase;
			buildActionMask = 2147483647;
			files = (
			);
			runOnlyForDeploymentPostprocessing = 0;
		};
		A9DF684521E6E49300689600 /* Resources */ = {
			isa = PBXResourcesBuildPhase;
			buildActionMask = 2147483647;
			files = (
			);
			runOnlyForDeploymentPostprocessing = 0;
		};
/* End PBXResourcesBuildPhase section */

/* Begin PBXSourcesBuildPhase section */
		A9DF682021E6E49100689600 /* Sources */ = {
			isa = PBXSourcesBuildPhase;
			buildActionMask = 2147483647;
			files = (
				A9DF682C21E6E49100689600 /* ViewController.m in Sources */,
				A9DF685B21E6E4F000689600 /* RoundRotateDivideView.m in Sources */,
				A9DF683721E6E49300689600 /* main.m in Sources */,
				A9DF682921E6E49100689600 /* AppDelegate.m in Sources */,
			);
			runOnlyForDeploymentPostprocessing = 0;
		};
		A9DF683821E6E49300689600 /* Sources */ = {
			isa = PBXSourcesBuildPhase;
			buildActionMask = 2147483647;
			files = (
				A9DF684121E6E49300689600 /* RoundRotateDivideTests.m in Sources */,
			);
			runOnlyForDeploymentPostprocessing = 0;
		};
		A9DF684321E6E49300689600 /* Sources */ = {
			isa = PBXSourcesBuildPhase;
			buildActionMask = 2147483647;
			files = (
				A9DF684C21E6E49300689600 /* RoundRotateDivideUITests.m in Sources */,
			);
			runOnlyForDeploymentPostprocessing = 0;
		};
/* End PBXSourcesBuildPhase section */

/* Begin PBXTargetDependency section */
		A9DF683E21E6E49300689600 /* PBXTargetDependency */ = {
			isa = PBXTargetDependency;
			target = A9DF682321E6E49100689600 /* RoundRotateDivide */;
			targetProxy = A9DF683D21E6E49300689600 /* PBXContainerItemProxy */;
		};
		A9DF684921E6E49300689600 /* PBXTargetDependency */ = {
			isa = PBXTargetDependency;
			target = A9DF682321E6E49100689600 /* RoundRotateDivide */;
			targetProxy = A9DF684821E6E49300689600 /* PBXContainerItemProxy */;
		};
/* End PBXTargetDependency section */

/* Begin PBXVariantGroup section */
		A9DF682D21E6E49100689600 /* Main.storyboard */ = {
			isa = PBXVariantGroup;
			children = (
				A9DF682E21E6E49100689600 /* Base */,
			);
			name = Main.storyboard;
			sourceTree = "<group>";
		};
		A9DF683221E6E49300689600 /* LaunchScreen.storyboard */ = {
			isa = PBXVariantGroup;
			children = (
				A9DF683321E6E49300689600 /* Base */,
			);
			name = LaunchScreen.storyboard;
			sourceTree = "<group>";
		};
/* End PBXVariantGroup section */

/* Begin XCBuildConfiguration section */
		A9DF684E21E6E49300689600 /* Debug */ = {
			isa = XCBuildConfiguration;
			buildSettings = {
				ALWAYS_SEARCH_USER_PATHS = NO;
				CLANG_ANALYZER_NONNULL = YES;
				CLANG_ANALYZER_NUMBER_OBJECT_CONVERSION = YES_AGGRESSIVE;
				CLANG_CXX_LANGUAGE_STANDARD = "gnu++14";
				CLANG_CXX_LIBRARY = "libc++";
				CLANG_ENABLE_MODULES = YES;
				CLANG_ENABLE_OBJC_ARC = YES;
				CLANG_ENABLE_OBJC_WEAK = YES;
				CLANG_WARN_BLOCK_CAPTURE_AUTORELEASING = YES;
				CLANG_WARN_BOOL_CONVERSION = YES;
				CLANG_WARN_COMMA = YES;
				CLANG_WARN_CONSTANT_CONVERSION = YES;
				CLANG_WARN_DEPRECATED_OBJC_IMPLEMENTATIONS = YES;
				CLANG_WARN_DIRECT_OBJC_ISA_USAGE = YES_ERROR;
				CLANG_WARN_DOCUMENTATION_COMMENTS = YES;
				CLANG_WARN_EMPTY_BODY = YES;
				CLANG_WARN_ENUM_CONVERSION = YES;
				CLANG_WARN_INFINITE_RECURSION = YES;
				CLANG_WARN_INT_CONVERSION = YES;
				CLANG_WARN_NON_LITERAL_NULL_CONVERSION = YES;
				CLANG_WARN_OBJC_IMPLICIT_RETAIN_SELF = YES;
				CLANG_WARN_OBJC_LITERAL_CONVERSION = YES;
				CLANG_WARN_OBJC_ROOT_CLASS = YES_ERROR;
				CLANG_WARN_RANGE_LOOP_ANALYSIS = YES;
				CLANG_WARN_STRICT_PROTOTYPES = YES;
				CLANG_WARN_SUSPICIOUS_MOVE = YES;
				CLANG_WARN_UNGUARDED_AVAILABILITY = YES_AGGRESSIVE;
				CLANG_WARN_UNREACHABLE_CODE = YES;
				CLANG_WARN__DUPLICATE_METHOD_MATCH = YES;
				CODE_SIGN_IDENTITY = "iPhone Developer";
				COPY_PHASE_STRIP = NO;
				DEBUG_INFORMATION_FORMAT = dwarf;
				ENABLE_STRICT_OBJC_MSGSEND = YES;
				ENABLE_TESTABILITY = YES;
				GCC_C_LANGUAGE_STANDARD = gnu11;
				GCC_DYNAMIC_NO_PIC = NO;
				GCC_NO_COMMON_BLOCKS = YES;
				GCC_OPTIMIZATION_LEVEL = 0;
				GCC_PREPROCESSOR_DEFINITIONS = (
					"DEBUG=1",
					"$(inherited)",
				);
				GCC_WARN_64_TO_32_BIT_CONVERSION = YES;
				GCC_WARN_ABOUT_RETURN_TYPE = YES_ERROR;
				GCC_WARN_UNDECLARED_SELECTOR = YES;
				GCC_WARN_UNINITIALIZED_AUTOS = YES_AGGRESSIVE;
				GCC_WARN_UNUSED_FUNCTION = YES;
				GCC_WARN_UNUSED_VARIABLE = YES;
				IPHONEOS_DEPLOYMENT_TARGET = 12.1;
				MTL_ENABLE_DEBUG_INFO = INCLUDE_SOURCE;
				MTL_FAST_MATH = YES;
				ONLY_ACTIVE_ARCH = YES;
				SDKROOT = iphoneos;
			};
			name = Debug;
		};
		A9DF684F21E6E49300689600 /* Release */ = {
			isa = XCBuildConfiguration;
			buildSettings = {
				ALWAYS_SEARCH_USER_PATHS = NO;
				CLANG_ANALYZER_NONNULL = YES;
				CLANG_ANALYZER_NUMBER_OBJECT_CONVERSION = YES_AGGRESSIVE;
				CLANG_CXX_LANGUAGE_STANDARD = "gnu++14";
				CLANG_CXX_LIBRARY = "libc++";
				CLANG_ENABLE_MODULES = YES;
				CLANG_ENABLE_OBJC_ARC = YES;
				CLANG_ENABLE_OBJC_WEAK = YES;
				CLANG_WARN_BLOCK_CAPTURE_AUTORELEASING = YES;
				CLANG_WARN_BOOL_CONVERSION = YES;
				CLANG_WARN_COMMA = YES;
				CLANG_WARN_CONSTANT_CONVERSION = YES;
				CLANG_WARN_DEPRECATED_OBJC_IMPLEMENTATIONS = YES;
				CLANG_WARN_DIRECT_OBJC_ISA_USAGE = YES_ERROR;
				CLANG_WARN_DOCUMENTATION_COMMENTS = YES;
				CLANG_WARN_EMPTY_BODY = YES;
				CLANG_WARN_ENUM_CONVERSION = YES;
				CLANG_WARN_INFINITE_RECURSION = YES;
				CLANG_WARN_INT_CONVERSION = YES;
				CLANG_WARN_NON_LITERAL_NULL_CONVERSION = YES;
				CLANG_WARN_OBJC_IMPLICIT_RETAIN_SELF = YES;
				CLANG_WARN_OBJC_LITERAL_CONVERSION = YES;
				CLANG_WARN_OBJC_ROOT_CLASS = YES_ERROR;
				CLANG_WARN_RANGE_LOOP_ANALYSIS = YES;
				CLANG_WARN_STRICT_PROTOTYPES = YES;
				CLANG_WARN_SUSPICIOUS_MOVE = YES;
				CLANG_WARN_UNGUARDED_AVAILABILITY = YES_AGGRESSIVE;
				CLANG_WARN_UNREACHABLE_CODE = YES;
				CLANG_WARN__DUPLICATE_METHOD_MATCH = YES;
				CODE_SIGN_IDENTITY = "iPhone Developer";
				COPY_PHASE_STRIP = NO;
				DEBUG_INFORMATION_FORMAT = "dwarf-with-dsym";
				ENABLE_NS_ASSERTIONS = NO;
				ENABLE_STRICT_OBJC_MSGSEND = YES;
				GCC_C_LANGUAGE_STANDARD = gnu11;
				GCC_NO_COMMON_BLOCKS = YES;
				GCC_WARN_64_TO_32_BIT_CONVERSION = YES;
				GCC_WARN_ABOUT_RETURN_TYPE = YES_ERROR;
				GCC_WARN_UNDECLARED_SELECTOR = YES;
				GCC_WARN_UNINITIALIZED_AUTOS = YES_AGGRESSIVE;
				GCC_WARN_UNUSED_FUNCTION = YES;
				GCC_WARN_UNUSED_VARIABLE = YES;
				IPHONEOS_DEPLOYMENT_TARGET = 12.1;
				MTL_ENABLE_DEBUG_INFO = NO;
				MTL_FAST_MATH = YES;
				SDKROOT = iphoneos;
				VALIDATE_PRODUCT = YES;
			};
			name = Release;
		};
		A9DF685121E6E49300689600 /* Debug */ = {
			isa = XCBuildConfiguration;
			buildSettings = {
				ASSETCATALOG_COMPILER_APPICON_NAME = AppIcon;
				CODE_SIGN_STYLE = Automatic;
				DEVELOPMENT_TEAM = QUUBL29WS6;
				INFOPLIST_FILE = RoundRotateDivide/Info.plist;
				IPHONEOS_DEPLOYMENT_TARGET = 10;
				LD_RUNPATH_SEARCH_PATHS = (
					"$(inherited)",
					"@executable_path/Frameworks",
				);
				PRODUCT_BUNDLE_IDENTIFIER = com.qqxnz.RoundRotateDivide;
				PRODUCT_NAME = "$(TARGET_NAME)";
				TARGETED_DEVICE_FAMILY = "1,2";
			};
			name = Debug;
		};
		A9DF685221E6E49300689600 /* Release */ = {
			isa = XCBuildConfiguration;
			buildSettings = {
				ASSETCATALOG_COMPILER_APPICON_NAME = AppIcon;
				CODE_SIGN_STYLE = Automatic;
				DEVELOPMENT_TEAM = QUUBL29WS6;
				INFOPLIST_FILE = RoundRotateDivide/Info.plist;
				IPHONEOS_DEPLOYMENT_TARGET = 10;
				LD_RUNPATH_SEARCH_PATHS = (
					"$(inherited)",
					"@executable_path/Frameworks",
				);
				PRODUCT_BUNDLE_IDENTIFIER = com.qqxnz.RoundRotateDivide;
				PRODUCT_NAME = "$(TARGET_NAME)";
				TARGETED_DEVICE_FAMILY = "1,2";
			};
			name = Release;
		};
		A9DF685421E6E49300689600 /* Debug */ = {
			isa = XCBuildConfiguration;
			buildSettings = {
				BUNDLE_LOADER = "$(TEST_HOST)";
				CODE_SIGN_STYLE = Automatic;
				INFOPLIST_FILE = RoundRotateDivideTests/Info.plist;
				LD_RUNPATH_SEARCH_PATHS = (
					"$(inherited)",
					"@executable_path/Frameworks",
					"@loader_path/Frameworks",
				);
				PRODUCT_BUNDLE_IDENTIFIER = com.qqxnz.RoundRotateDivideTests;
				PRODUCT_NAME = "$(TARGET_NAME)";
				TARGETED_DEVICE_FAMILY = "1,2";
				TEST_HOST = "$(BUILT_PRODUCTS_DIR)/RoundRotateDivide.app/RoundRotateDivide";
			};
			name = Debug;
		};
		A9DF685521E6E49300689600 /* Release */ = {
			isa = XCBuildConfiguration;
			buildSettings = {
				BUNDLE_LOADER = "$(TEST_HOST)";
				CODE_SIGN_STYLE = Automatic;
				INFOPLIST_FILE = RoundRotateDivideTests/Info.plist;
				LD_RUNPATH_SEARCH_PATHS = (
					"$(inherited)",
					"@executable_path/Frameworks",
					"@loader_path/Frameworks",
				);
				PRODUCT_BUNDLE_IDENTIFIER = com.qqxnz.RoundRotateDivideTests;
				PRODUCT_NAME = "$(TARGET_NAME)";
				TARGETED_DEVICE_FAMILY = "1,2";
				TEST_HOST = "$(BUILT_PRODUCTS_DIR)/RoundRotateDivide.app/RoundRotateDivide";
			};
			name = Release;
		};
		A9DF685721E6E49300689600 /* Debug */ = {
			isa = XCBuildConfiguration;
			buildSettings = {
				CODE_SIGN_STYLE = Automatic;
				INFOPLIST_FILE = RoundRotateDivideUITests/Info.plist;
				LD_RUNPATH_SEARCH_PATHS = (
					"$(inherited)",
					"@executable_path/Frameworks",
					"@loader_path/Frameworks",
				);
				PRODUCT_BUNDLE_IDENTIFIER = com.qqxnz.RoundRotateDivideUITests;
				PRODUCT_NAME = "$(TARGET_NAME)";
				TARGETED_DEVICE_FAMILY = "1,2";
				TEST_TARGET_NAME = RoundRotateDivide;
			};
			name = Debug;
		};
		A9DF685821E6E49300689600 /* Release */ = {
			isa = XCBuildConfiguration;
			buildSettings = {
				CODE_SIGN_STYLE = Automatic;
				INFOPLIST_FILE = RoundRotateDivideUITests/Info.plist;
				LD_RUNPATH_SEARCH_PATHS = (
					"$(inherited)",
					"@executable_path/Frameworks",
					"@loader_path/Frameworks",
				);
				PRODUCT_BUNDLE_IDENTIFIER = com.qqxnz.RoundRotateDivideUITests;
				PRODUCT_NAME = "$(TARGET_NAME)";
				TARGETED_DEVICE_FAMILY = "1,2";
				TEST_TARGET_NAME = RoundRotateDivide;
			};
			name = Release;
		};
/* End XCBuildConfiguration section */

/* Begin XCConfigurationList section */
		A9DF681F21E6E49100689600 /* Build configuration list for PBXProject "RoundRotateDivide" */ = {
			isa = XCConfigurationList;
			buildConfigurations = (
				A9DF684E21E6E49300689600 /* Debug */,
				A9DF684F21E6E49300689600 /* Release */,
			);
			defaultConfigurationIsVisible = 0;
			defaultConfigurationName = Release;
		};
		A9DF685021E6E49300689600 /* Build configuration list for PBXNativeTarget "RoundRotateDivide" */ = {
			isa = XCConfigurationList;
			buildConfigurations = (
				A9DF685121E6E49300689600 /* Debug */,
				A9DF685221E6E49300689600 /* Release */,
			);
			defaultConfigurationIsVisible = 0;
			defaultConfigurationName = Release;
		};
		A9DF685321E6E49300689600 /* Build configuration list for PBXNativeTarget "RoundRotateDivideTests" */ = {
			isa = XCConfigurationList;
			buildConfigurations = (
				A9DF685421E6E49300689600 /* Debug */,
				A9DF685521E6E49300689600 /* Release */,
			);
			defaultConfigurationIsVisible = 0;
			defaultConfigurationName = Release;
		};
		A9DF685621E6E49300689600 /* Build configuration list for PBXNativeTarget "RoundRotateDivideUITests" */ = {
			isa = XCConfigurationList;
			buildConfigurations = (
				A9DF685721E6E49300689600 /* Debug */,
				A9DF685821E6E49300689600 /* Release */,
			);
			defaultConfigurationIsVisible = 0;
			defaultConfigurationName = Release;
		};
/* End XCConfigurationList section */
	};
	rootObject = A9DF681C21E6E49100689600 /* Project object */;
}
